// !$*UTF8*$!
{
	archiveVersion = 1;
	classes = {
	};
	objectVersion = 46;
	objects = {

/* Begin PBXBuildFile section */
		30251E1C1D3A30AF000FACEB /* AppDelegate.swift in Sources */ = {isa = PBXBuildFile; fileRef = 30251E1B1D3A30AF000FACEB /* AppDelegate.swift */; };
		30251E211D3A30AF000FACEB /* Main.storyboard in Resources */ = {isa = PBXBuildFile; fileRef = 30251E1F1D3A30AF000FACEB /* Main.storyboard */; };
		30251E231D3A30AF000FACEB /* Assets.xcassets in Resources */ = {isa = PBXBuildFile; fileRef = 30251E221D3A30AF000FACEB /* Assets.xcassets */; };
		30251E261D3A30AF000FACEB /* LaunchScreen.storyboard in Resources */ = {isa = PBXBuildFile; fileRef = 30251E241D3A30AF000FACEB /* LaunchScreen.storyboard */; };
		30251E2F1D3A32D3000FACEB /* DropItViewController.swift in Sources */ = {isa = PBXBuildFile; fileRef = 30251E2E1D3A32D3000FACEB /* DropItViewController.swift */; };
		30251E311D3A332E000FACEB /* DropItView.swift in Sources */ = {isa = PBXBuildFile; fileRef = 30251E301D3A332E000FACEB /* DropItView.swift */; };
		30CF733A1D3B63B90098EA02 /* NamedBezierPathView.swift in Sources */ = {isa = PBXBuildFile; fileRef = 30CF73391D3B63B90098EA02 /* NamedBezierPathView.swift */; };
		30F0D2BA1D3A475B0017B968 /* UIKit Extensions.swift in Sources */ = {isa = PBXBuildFile; fileRef = 30F0D2B91D3A475B0017B968 /* UIKit Extensions.swift */; };
		30F0D2BC1D3A6D220017B968 /* FallingObjectBehavior.swift in Sources */ = {isa = PBXBuildFile; fileRef = 30F0D2BB1D3A6D220017B968 /* FallingObjectBehavior.swift */; };
/* End PBXBuildFile section */

/* Begin PBXFileReference section */
		30251E181D3A30AF000FACEB /* DropIt.app */ = {isa = PBXFileReference; explicitFileType = wrapper.application; includeInIndex = 0; path = DropIt.app; sourceTree = BUILT_PRODUCTS_DIR; };
		30251E1B1D3A30AF000FACEB /* AppDelegate.swift */ = {isa = PBXFileReference; lastKnownFileType = sourcecode.swift; path = AppDelegate.swift; sourceTree = "<group>"; };
		30251E201D3A30AF000FACEB /* Base */ = {isa = PBXFileReference; lastKnownFileType = file.storyboard; name = Base; path = Base.lproj/Main.storyboard; sourceTree = "<group>"; };
		30251E221D3A30AF000FACEB /* Assets.xcassets */ = {isa = PBXFileReference; lastKnownFileType = folder.assetcatalog; path = Assets.xcassets; sourceTree = "<group>"; };
		30251E251D3A30AF000FACEB /* Base */ = {isa = PBXFileReference; lastKnownFileType = file.storyboard; name = Base; path = Base.lproj/LaunchScreen.storyboard; sourceTree = "<group>"; };
		30251E271D3A30AF000FACEB /* Info.plist */ = {isa = PBXFileReference; lastKnownFileType = text.plist.xml; path = Info.plist; sourceTree = "<group>"; };
		30251E2E1D3A32D3000FACEB /* DropItViewController.swift */ = {isa = PBXFileReference; fileEncoding = 4; lastKnownFileType = sourcecode.swift; path = DropItViewController.swift; sourceTree = "<group>"; };
		30251E301D3A332E000FACEB /* DropItView.swift */ = {isa = PBXFileReference; fileEncoding = 4; lastKnownFileType = sourcecode.swift; path = DropItView.swift; sourceTree = "<group>"; };
		30CF73391D3B63B90098EA02 /* NamedBezierPathView.swift */ = {isa = PBXFileReference; fileEncoding = 4; lastKnownFileType = sourcecode.swift; path = NamedBezierPathView.swift; sourceTree = "<group>"; };
		30F0D2B91D3A475B0017B968 /* UIKit Extensions.swift */ = {isa = PBXFileReference; fileEncoding = 4; lastKnownFileType = sourcecode.swift; path = "UIKit Extensions.swift"; sourceTree = "<group>"; };
		30F0D2BB1D3A6D220017B968 /* FallingObjectBehavior.swift */ = {isa = PBXFileReference; fileEncoding = 4; lastKnownFileType = sourcecode.swift; path = FallingObjectBehavior.swift; sourceTree = "<group>"; };
/* End PBXFileReference section */

/* Begin PBXFrameworksBuildPhase section */
		30251E151D3A30AF000FACEB /* Frameworks */ = {
			isa = PBXFrameworksBuildPhase;
			buildActionMask = 2147483647;
			files = (
			);
			runOnlyForDeploymentPostprocessing = 0;
		};
/* End PBXFrameworksBuildPhase section */

/* Begin PBXGroup section */
		30251E0F1D3A30AF000FACEB = {
			isa = PBXGroup;
			children = (
				30251E1A1D3A30AF000FACEB /* DropIt */,
				30251E191D3A30AF000FACEB /* Products */,
			);
			sourceTree = "<group>";
		};
		30251E191D3A30AF000FACEB /* Products */ = {
			isa = PBXGroup;
			children = (
				30251E181D3A30AF000FACEB /* DropIt.app */,
			);
			name = Products;
			sourceTree = "<group>";
		};
		30251E1A1D3A30AF000FACEB /* DropIt */ = {
			isa = PBXGroup;
			children = (
				30F0D2B91D3A475B0017B968 /* UIKit Extensions.swift */,
				30251E1F1D3A30AF000FACEB /* Main.storyboard */,
				30CF73391D3B63B90098EA02 /* NamedBezierPathView.swift */,
				30F0D2BB1D3A6D220017B968 /* FallingObjectBehavior.swift */,
				30251E2E1D3A32D3000FACEB /* DropItViewController.swift */,
				30251E301D3A332E000FACEB /* DropItView.swift */,
				30251E2D1D3A30C2000FACEB /* Supporting Files */,
			);
			path = DropIt;
			sourceTree = "<group>";
		};
		30251E2D1D3A30C2000FACEB /* Supporting Files */ = {
			isa = PBXGroup;
			children = (
				30251E1B1D3A30AF000FACEB /* AppDelegate.swift */,
				30251E221D3A30AF000FACEB /* Assets.xcassets */,
				30251E241D3A30AF000FACEB /* LaunchScreen.storyboard */,
				30251E271D3A30AF000FACEB /* Info.plist */,
			);
			name = "Supporting Files";
			sourceTree = "<group>";
		};
/* End PBXGroup section */

/* Begin PBXNativeTarget section */
		30251E171D3A30AF000FACEB /* DropIt */ = {
			isa = PBXNativeTarget;
			buildConfigurationList = 30251E2A1D3A30AF000FACEB /* Build configuration list for PBXNativeTarget "DropIt" */;
			buildPhases = (
				30251E141D3A30AF000FACEB /* Sources */,
				30251E151D3A30AF000FACEB /* Frameworks */,
				30251E161D3A30AF000FACEB /* Resources */,
			);
			buildRules = (
			);
			dependencies = (
			);
			name = DropIt;
			productName = DropIt;
			productReference = 30251E181D3A30AF000FACEB /* DropIt.app */;
			productType = "com.apple.product-type.application";
		};
/* End PBXNativeTarget section */

/* Begin PBXProject section */
		30251E101D3A30AF000FACEB /* Project object */ = {
			isa = PBXProject;
			attributes = {
				LastSwiftUpdateCheck = 0730;
				LastUpgradeCheck = 0730;
				ORGANIZATIONNAME = WangQi;
				TargetAttributes = {
					30251E171D3A30AF000FACEB = {
						CreatedOnToolsVersion = 7.3.1;
						DevelopmentTeam = EKW377MQAC;
					};
				};
			};
			buildConfigurationList = 30251E131D3A30AF000FACEB /* Build configuration list for PBXProject "DropIt" */;
			compatibilityVersion = "Xcode 3.2";
			developmentRegion = English;
			hasScannedForEncodings = 0;
			knownRegions = (
				en,
				Base,
			);
			mainGroup = 30251E0F1D3A30AF000FACEB;
			productRefGroup = 30251E191D3A30AF000FACEB /* Products */;
			projectDirPath = "";
			projectRoot = "";
			targets = (
				30251E171D3A30AF000FACEB /* DropIt */,
			);
		};
/* End PBXProject section */

/* Begin PBXResourcesBuildPhase section */
		30251E161D3A30AF000FACEB /* Resources */ = {
			isa = PBXResourcesBuildPhase;
			buildActionMask = 2147483647;
			files = (
				30251E261D3A30AF000FACEB /* LaunchScreen.storyboard in Resources */,
				30251E231D3A30AF000FACEB /* Assets.xcassets in Resources */,
				30251E211D3A30AF000FACEB /* Main.storyboard in Resources */,
			);
			runOnlyForDeploymentPostprocessing = 0;
		};
/* End PBXResourcesBuildPhase section */

/* Begin PBXSourcesBuildPhase section */
		30251E141D3A30AF000FACEB /* Sources */ = {
			isa = PBXSourcesBuildPhase;
			buildActionMask = 2147483647;
			files = (
				30CF733A1D3B63B90098EA02 /* NamedBezierPathView.swift in Sources */,
				30251E2F1D3A32D3000FACEB /* DropItViewController.swift in Sources */,
				30251E1C1D3A30AF000FACEB /* AppDelegate.swift in Sources */,
				30F0D2BC1D3A6D220017B968 /* FallingObjectBehavior.swift in Sources */,
				30251E311D3A332E000FACEB /* DropItView.swift in Sources */,
				30F0D2BA1D3A475B0017B968 /* UIKit Extensions.swift in Sources */,
			);
			runOnlyForDeploymentPostprocessing = 0;
		};
/* End PBXSourcesBuildPhase section */

/* Begin PBXVariantGroup section */
		30251E1F1D3A30AF000FACEB /* Main.storyboard */ = {
			isa = PBXVariantGroup;
			children = (
				30251E201D3A30AF000FACEB /* Base */,
			);
			name = Main.storyboard;
			sourceTree = "<group>";
		};
		30251E241D3A30AF000FACEB /* LaunchScreen.storyboard */ = {
			isa = PBXVariantGroup;
			children = (
				30251E251D3A30AF000FACEB /* Base */,
			);
			name = LaunchScreen.storyboard;
			sourceTree = "<group>";
		};
/* End PBXVariantGroup section */

/* Begin XCBuildConfiguration section */
		30251E281D3A30AF000FACEB /* Debug */ = {
			isa = XCBuildConfiguration;
			buildSettings = {
				ALWAYS_SEARCH_USER_PATHS = NO;
				CLANG_ANALYZER_NONNULL = YES;
				CLANG_CXX_LANGUAGE_STANDARD = "gnu++0x";
				CLANG_CXX_LIBRARY = "libc++";
				CLANG_ENABLE_MODULES = YES;
				CLANG_ENABLE_OBJC_ARC = YES;
				CLANG_WARN_BOOL_CONVERSION = YES;
				CLANG_WARN_CONSTANT_CONVERSION = YES;
				CLANG_WARN_DIRECT_OBJC_ISA_USAGE = YES_ERROR;
				CLANG_WARN_EMPTY_BODY = YES;
				CLANG_WARN_ENUM_CONVERSION = YES;
				CLANG_WARN_INT_CONVERSION = YES;
				CLANG_WARN_OBJC_ROOT_CLASS = YES_ERROR;
				CLANG_WARN_UNREACHABLE_CODE = YES;
				CLANG_WARN__DUPLICATE_METHOD_MATCH = YES;
				"CODE_SIGN_IDENTITY[sdk=iphoneos*]" = "iPhone Developer";
				COPY_PHASE_STRIP = NO;
				DEBUG_INFORMATION_FORMAT = dwarf;
				ENABLE_STRICT_OBJC_MSGSEND = YES;
				ENABLE_TESTABILITY = YES;
				GCC_C_LANGUAGE_STANDARD = gnu99;
				GCC_DYNAMIC_NO_PIC = NO;
				GCC_NO_COMMON_BLOCKS = YES;
				GCC_OPTIMIZATION_LEVEL = 0;
				GCC_PREPROCESSOR_DEFINITIONS = (
					"DEBUG=1",
					"$(inherited)",
				);
				GCC_WARN_64_TO_32_BIT_CONVERSION = YES;
				GCC_WARN_ABOUT_RETURN_TYPE = YES_ERROR;
				GCC_WARN_UNDECLARED_SELECTOR = YES;
				GCC_WARN_UNINITIALIZED_AUTOS = YES_AGGRESSIVE;
				GCC_WARN_UNUSED_FUNCTION = YES;
				GCC_WARN_UNUSED_VARIABLE = YES;
				IPHONEOS_DEPLOYMENT_TARGET = 9.3;
				MTL_ENABLE_DEBUG_INFO = YES;
				ONLY_ACTIVE_ARCH = YES;
				SDKROOT = iphoneos;
				SWIFT_OPTIMIZATION_LEVEL = "-Onone";
				TARGETED_DEVICE_FAMILY = "1,2";
			};
			name = Debug;
		};
		30251E291D3A30AF000FACEB /* Release */ = {
			isa = XCBuildConfiguration;
			buildSettings = {
				ALWAYS_SEARCH_USER_PATHS = NO;
				CLANG_ANALYZER_NONNULL = YES;
				CLANG_CXX_LANGUAGE_STANDARD = "gnu++0x";
				CLANG_CXX_LIBRARY = "libc++";
				CLANG_ENABLE_MODULES = YES;
				CLANG_ENABLE_OBJC_ARC = YES;
				CLANG_WARN_BOOL_CONVERSION = YES;
				CLANG_WARN_CONSTANT_CONVERSION = YES;
				CLANG_WARN_DIRECT_OBJC_ISA_USAGE = YES_ERROR;
				CLANG_WARN_EMPTY_BODY = YES;
				CLANG_WARN_ENUM_CONVERSION = YES;
				CLANG_WARN_INT_CONVERSION = YES;
				CLANG_WARN_OBJC_ROOT_CLASS = YES_ERROR;
				CLANG_WARN_UNREACHABLE_CODE = YES;
				CLANG_WARN__DUPLICATE_METHOD_MATCH = YES;
				"CODE_SIGN_IDENTITY[sdk=iphoneos*]" = "iPhone Developer";
				COPY_PHASE_STRIP = NO;
				DEBUG_INFORMATION_FORMAT = "dwarf-with-dsym";
				ENABLE_NS_ASSERTIONS = NO;
				ENABLE_STRICT_OBJC_MSGSEND = YES;
				GCC_C_LANGUAGE_STANDARD = gnu99;
				GCC_NO_COMMON_BLOCKS = YES;
				GCC_WARN_64_TO_32_BIT_CONVERSION = YES;
				GCC_WARN_ABOUT_RETURN_TYPE = YES_ERROR;
				GCC_WARN_UNDECLARED_SELECTOR = YES;
				GCC_WARN_UNINITIALIZED_AUTOS = YES_AGGRESSIVE;
				GCC_WARN_UNUSED_FUNCTION = YES;
				GCC_WARN_UNUSED_VARIABLE = YES;
				IPHONEOS_DEPLOYMENT_TARGET = 9.3;
				MTL_ENABLE_DEBUG_INFO = NO;
				SDKROOT = iphoneos;
				TARGETED_DEVICE_FAMILY = "1,2";
				VALIDATE_PRODUCT = YES;
			};
			name = Release;
		};
		30251E2B1D3A30AF000FACEB /* Debug */ = {
			isa = XCBuildConfiguration;
			buildSettings = {
				ASSETCATALOG_COMPILER_APPICON_NAME = AppIcon;
				INFOPLIST_FILE = DropIt/Info.plist;
				LD_RUNPATH_SEARCH_PATHS = "$(inherited) @executable_path/Frameworks";
				PRODUCT_BUNDLE_IDENTIFIER = com.wangqi.DropIt;
				PRODUCT_NAME = "$(TARGET_NAME)";
			};
			name = Debug;
		};
		30251E2C1D3A30AF000FACEB /* Release */ = {
			isa = XCBuildConfiguration;
			buildSettings = {
				ASSETCATALOG_COMPILER_APPICON_NAME = AppIcon;
				INFOPLIST_FILE = DropIt/Info.plist;
				LD_RUNPATH_SEARCH_PATHS = "$(inherited) @executable_path/Frameworks";
				PRODUCT_BUNDLE_IDENTIFIER = com.wangqi.DropIt;
				PRODUCT_NAME = "$(TARGET_NAME)";
			};
			name = Release;
		};
/* End XCBuildConfiguration section */

/* Begin XCConfigurationList section */
		30251E131D3A30AF000FACEB /* Build configuration list for PBXProject "DropIt" */ = {
			isa = XCConfigurationList;
			buildConfigurations = (
				30251E281D3A30AF000FACEB /* Debug */,
				30251E291D3A30AF000FACEB /* Release */,
			);
			defaultConfigurationIsVisible = 0;
			defaultConfigurationName = Release;
		};
		30251E2A1D3A30AF000FACEB /* Build configuration list for PBXNativeTarget "DropIt" */ = {
			isa = XCConfigurationList;
			buildConfigurations = (
				30251E2B1D3A30AF000FACEB /* Debug */,
				30251E2C1D3A30AF000FACEB /* Release */,
			);
			defaultConfigurationIsVisible = 0;
			defaultConfigurationName = Release;
		};
/* End XCConfigurationList section */
	};
	rootObject = 30251E101D3A30AF000FACEB /* Project object */;
}
